// !$*UTF8*$!
{
	archiveVersion = 1;
	classes = {
	};
	objectVersion = 51;
	objects = {

/* Begin PBXBuildFile section */
		032E08FC00CB25B2B22B8724 /* Pods_MoviesApp_Challenge_MoviesApp_ChallengeUITests.framework in Frameworks */ = {isa = PBXBuildFile; fileRef = D3B29DD670E16D9088D27694 /* Pods_MoviesApp_Challenge_MoviesApp_ChallengeUITests.framework */; };
		81EC705D2EEF0BC6EE0CCC41 /* Pods_MoviesApp_ChallengeTests.framework in Frameworks */ = {isa = PBXBuildFile; fileRef = 2C50F3576E770A36925C383E /* Pods_MoviesApp_ChallengeTests.framework */; };
		F60B985B9306A9384898DF83 /* Pods_MoviesApp_Challenge.framework in Frameworks */ = {isa = PBXBuildFile; fileRef = 370CDB3AA99C0BF01086D52E /* Pods_MoviesApp_Challenge.framework */; };
		FE2F11372709CC0000C533FA /* TestView.swift in Sources */ = {isa = PBXBuildFile; fileRef = FE2F11362709CC0000C533FA /* TestView.swift */; };
		FE5D4F682707B20500DEAD2B /* SliderCell.swift in Sources */ = {isa = PBXBuildFile; fileRef = FE5D4F662707B20500DEAD2B /* SliderCell.swift */; };
		FE5D4F692707B20500DEAD2B /* SliderCell.xib in Resources */ = {isa = PBXBuildFile; fileRef = FE5D4F672707B20500DEAD2B /* SliderCell.xib */; };
		FE6F79D72708A01A00D2FF4A /* MovieDetail.storyboard in Resources */ = {isa = PBXBuildFile; fileRef = FE6F79D62708A01A00D2FF4A /* MovieDetail.storyboard */; };
		FE6F79D92708A0A500D2FF4A /* MovieDetailVC.swift in Sources */ = {isa = PBXBuildFile; fileRef = FE6F79D82708A0A500D2FF4A /* MovieDetailVC.swift */; };
		FE6F79DC2708B8B800D2FF4A /* MovieDetail.swift in Sources */ = {isa = PBXBuildFile; fileRef = FE6F79DB2708B8B800D2FF4A /* MovieDetail.swift */; };
		FE6F79DE2708BC1C00D2FF4A /* MovieDetailConstracts.swift in Sources */ = {isa = PBXBuildFile; fileRef = FE6F79DD2708BC1C00D2FF4A /* MovieDetailConstracts.swift */; };
		FE6F79E02708BC4400D2FF4A /* MovieDetailViewModel.swift in Sources */ = {isa = PBXBuildFile; fileRef = FE6F79DF2708BC4400D2FF4A /* MovieDetailViewModel.swift */; };
		FE6F79E22708F50600D2FF4A /* DetailBodyView.swift in Sources */ = {isa = PBXBuildFile; fileRef = FE6F79E12708F50600D2FF4A /* DetailBodyView.swift */; };
		FE6F79E42708F51200D2FF4A /* DetailBodyView.xib in Resources */ = {isa = PBXBuildFile; fileRef = FE6F79E32708F51200D2FF4A /* DetailBodyView.xib */; };
		FE6F79E727097C5A00D2FF4A /* MovieDetailBuilder.swift in Sources */ = {isa = PBXBuildFile; fileRef = FE6F79E627097C5A00D2FF4A /* MovieDetailBuilder.swift */; };
		FE6F7A0D2709B80100D2FF4A /* MainScrollView.swift in Sources */ = {isa = PBXBuildFile; fileRef = FE6F7A0C2709B80100D2FF4A /* MainScrollView.swift */; };
		FE6F7A182709C09D00D2FF4A /* Test.swift in Sources */ = {isa = PBXBuildFile; fileRef = FE6F7A172709C09D00D2FF4A /* Test.swift */; };
		FEBB26CA27086E13009AEF45 /* TheMovieListError.swift in Sources */ = {isa = PBXBuildFile; fileRef = FEBB26C927086E13009AEF45 /* TheMovieListError.swift */; };
		FEE6E23C2707411800479713 /* AppDelegate.swift in Sources */ = {isa = PBXBuildFile; fileRef = FEE6E23B2707411800479713 /* AppDelegate.swift */; };
		FEE6E23E2707411800479713 /* SceneDelegate.swift in Sources */ = {isa = PBXBuildFile; fileRef = FEE6E23D2707411800479713 /* SceneDelegate.swift */; };
		FEE6E2452707411800479713 /* Assets.xcassets in Resources */ = {isa = PBXBuildFile; fileRef = FEE6E2442707411800479713 /* Assets.xcassets */; };
		FEE6E2482707411800479713 /* LaunchScreen.storyboard in Resources */ = {isa = PBXBuildFile; fileRef = FEE6E2462707411800479713 /* LaunchScreen.storyboard */; };
		FEE6E2532707411800479713 /* MoviesApp_ChallengeTests.swift in Sources */ = {isa = PBXBuildFile; fileRef = FEE6E2522707411800479713 /* MoviesApp_ChallengeTests.swift */; };
		FEE6E25E2707411800479713 /* MoviesApp_ChallengeUITests.swift in Sources */ = {isa = PBXBuildFile; fileRef = FEE6E25D2707411800479713 /* MoviesApp_ChallengeUITests.swift */; };
		FEE6E2932707418C00479713 /* AppStoryBoards.swift in Sources */ = {isa = PBXBuildFile; fileRef = FEE6E2802707418C00479713 /* AppStoryBoards.swift */; };
		FEE6E2952707418C00479713 /* NetworkContracts.swift in Sources */ = {isa = PBXBuildFile; fileRef = FEE6E2832707418C00479713 /* NetworkContracts.swift */; };
		FEE6E2962707418C00479713 /* HttpMethod.swift in Sources */ = {isa = PBXBuildFile; fileRef = FEE6E2842707418C00479713 /* HttpMethod.swift */; };
		FEE6E2972707418C00479713 /* HttpHeader.swift in Sources */ = {isa = PBXBuildFile; fileRef = FEE6E2852707418C00479713 /* HttpHeader.swift */; };
		FEE6E2982707418C00479713 /* NetworkExecuter.swift in Sources */ = {isa = PBXBuildFile; fileRef = FEE6E2862707418C00479713 /* NetworkExecuter.swift */; };
		FEE6E2992707418C00479713 /* NetworkError.swift in Sources */ = {isa = PBXBuildFile; fileRef = FEE6E2872707418C00479713 /* NetworkError.swift */; };
		FEE6E29B2707418C00479713 /* UIView+Ext.swift in Sources */ = {isa = PBXBuildFile; fileRef = FEE6E28A2707418C00479713 /* UIView+Ext.swift */; };
		FEE6E29C2707418C00479713 /* TableView+Ext.swift in Sources */ = {isa = PBXBuildFile; fileRef = FEE6E28B2707418C00479713 /* TableView+Ext.swift */; };
		FEE6E29D2707418C00479713 /* StoryBoard+Ext.swift in Sources */ = {isa = PBXBuildFile; fileRef = FEE6E28C2707418C00479713 /* StoryBoard+Ext.swift */; };
		FEE6E29E2707418C00479713 /* ViewController+Ext.swift in Sources */ = {isa = PBXBuildFile; fileRef = FEE6E28D2707418C00479713 /* ViewController+Ext.swift */; };
		FEE6E2AC2707434900479713 /* Home.storyboard in Resources */ = {isa = PBXBuildFile; fileRef = FEE6E2AB2707434900479713 /* Home.storyboard */; };
		FEE6E2AF27074A6D00479713 /* TheMovieAPI.swift in Sources */ = {isa = PBXBuildFile; fileRef = FEE6E2AE27074A6D00479713 /* TheMovieAPI.swift */; };
		FEE6E2B227074CD400479713 /* AppConstants.swift in Sources */ = {isa = PBXBuildFile; fileRef = FEE6E2B127074CD400479713 /* AppConstants.swift */; };
		FEE6E2B427074D5B00479713 /* HomeVC.swift in Sources */ = {isa = PBXBuildFile; fileRef = FEE6E2B327074D5B00479713 /* HomeVC.swift */; };
		FEE6E2BB2707522400479713 /* Movie.swift in Sources */ = {isa = PBXBuildFile; fileRef = FEE6E2BA2707522400479713 /* Movie.swift */; };
		FEE6E2BF270753C700479713 /* BaseResult.swift in Sources */ = {isa = PBXBuildFile; fileRef = FEE6E2BE270753C700479713 /* BaseResult.swift */; };
		FEE6E2C12707544700479713 /* BaseTheMovie.swift in Sources */ = {isa = PBXBuildFile; fileRef = FEE6E2C02707544700479713 /* BaseTheMovie.swift */; };
		FEE6E2C42707573A00479713 /* Movies-Service.swift in Sources */ = {isa = PBXBuildFile; fileRef = FEE6E2C32707573A00479713 /* Movies-Service.swift */; };
		FEE6E2C62707574C00479713 /* MoviesDataSource.swift in Sources */ = {isa = PBXBuildFile; fileRef = FEE6E2C52707574C00479713 /* MoviesDataSource.swift */; };
		FEE6E2C92707743A00479713 /* MoviesRepositoryContracts.swift in Sources */ = {isa = PBXBuildFile; fileRef = FEE6E2C82707743A00479713 /* MoviesRepositoryContracts.swift */; };
		FEE6E2CC2707749300479713 /* TheMovieError.swift in Sources */ = {isa = PBXBuildFile; fileRef = FEE6E2CB2707749300479713 /* TheMovieError.swift */; };
		FEE6E2CE2707761900479713 /* MoviesRepository.swift in Sources */ = {isa = PBXBuildFile; fileRef = FEE6E2CD2707761900479713 /* MoviesRepository.swift */; };
		FEE6E2D02707792600479713 /* NetworkError+Ext.swift in Sources */ = {isa = PBXBuildFile; fileRef = FEE6E2CF2707792600479713 /* NetworkError+Ext.swift */; };
		FEE6E2D227077BF200479713 /* HomeViewModel.swift in Sources */ = {isa = PBXBuildFile; fileRef = FEE6E2D127077BF200479713 /* HomeViewModel.swift */; };
		FEE6E2D427077C0B00479713 /* HomeContracts.swift in Sources */ = {isa = PBXBuildFile; fileRef = FEE6E2D327077C0B00479713 /* HomeContracts.swift */; };
		FEE6E2D6270784BF00479713 /* SliderCollectionView.swift in Sources */ = {isa = PBXBuildFile; fileRef = FEE6E2D5270784BF00479713 /* SliderCollectionView.swift */; };
		FEE6E2D8270784E600479713 /* UpComingTableView.swift in Sources */ = {isa = PBXBuildFile; fileRef = FEE6E2D7270784E600479713 /* UpComingTableView.swift */; };
		FEE6E2DD2707854600479713 /* UpComingCell.swift in Sources */ = {isa = PBXBuildFile; fileRef = FEE6E2DB2707854600479713 /* UpComingCell.swift */; };
		FEE6E2DE2707854600479713 /* UpComingCell.xib in Resources */ = {isa = PBXBuildFile; fileRef = FEE6E2DC2707854600479713 /* UpComingCell.xib */; };
		FEE6E2E027078E3C00479713 /* String+Ext.swift in Sources */ = {isa = PBXBuildFile; fileRef = FEE6E2DF27078E3C00479713 /* String+Ext.swift */; };
/* End PBXBuildFile section */

/* Begin PBXContainerItemProxy section */
		FEE6E24F2707411800479713 /* PBXContainerItemProxy */ = {
			isa = PBXContainerItemProxy;
			containerPortal = FEE6E2302707411800479713 /* Project object */;
			proxyType = 1;
			remoteGlobalIDString = FEE6E2372707411800479713;
			remoteInfo = "MoviesApp-Challenge";
		};
		FEE6E25A2707411800479713 /* PBXContainerItemProxy */ = {
			isa = PBXContainerItemProxy;
			containerPortal = FEE6E2302707411800479713 /* Project object */;
			proxyType = 1;
			remoteGlobalIDString = FEE6E2372707411800479713;
			remoteInfo = "MoviesApp-Challenge";
		};
/* End PBXContainerItemProxy section */

/* Begin PBXFileReference section */
		05CA00D97FE656F915F6CE6D /* Pods-MoviesApp-Challenge-MoviesApp-ChallengeUITests.release.xcconfig */ = {isa = PBXFileReference; includeInIndex = 1; lastKnownFileType = text.xcconfig; name = "Pods-MoviesApp-Challenge-MoviesApp-ChallengeUITests.release.xcconfig"; path = "Target Support Files/Pods-MoviesApp-Challenge-MoviesApp-ChallengeUITests/Pods-MoviesApp-Challenge-MoviesApp-ChallengeUITests.release.xcconfig"; sourceTree = "<group>"; };
		18F9BD6D361282B56BBEB830 /* Pods-MoviesApp-Challenge.release.xcconfig */ = {isa = PBXFileReference; includeInIndex = 1; lastKnownFileType = text.xcconfig; name = "Pods-MoviesApp-Challenge.release.xcconfig"; path = "Target Support Files/Pods-MoviesApp-Challenge/Pods-MoviesApp-Challenge.release.xcconfig"; sourceTree = "<group>"; };
		2C50F3576E770A36925C383E /* Pods_MoviesApp_ChallengeTests.framework */ = {isa = PBXFileReference; explicitFileType = wrapper.framework; includeInIndex = 0; path = Pods_MoviesApp_ChallengeTests.framework; sourceTree = BUILT_PRODUCTS_DIR; };
		370CDB3AA99C0BF01086D52E /* Pods_MoviesApp_Challenge.framework */ = {isa = PBXFileReference; explicitFileType = wrapper.framework; includeInIndex = 0; path = Pods_MoviesApp_Challenge.framework; sourceTree = BUILT_PRODUCTS_DIR; };
		6A61FDC4FAF18D5A25C9C5C0 /* Pods-MoviesApp-Challenge.debug.xcconfig */ = {isa = PBXFileReference; includeInIndex = 1; lastKnownFileType = text.xcconfig; name = "Pods-MoviesApp-Challenge.debug.xcconfig"; path = "Target Support Files/Pods-MoviesApp-Challenge/Pods-MoviesApp-Challenge.debug.xcconfig"; sourceTree = "<group>"; };
		9032792D428B6B400D1FA22B /* Pods-MoviesApp-ChallengeTests.debug.xcconfig */ = {isa = PBXFileReference; includeInIndex = 1; lastKnownFileType = text.xcconfig; name = "Pods-MoviesApp-ChallengeTests.debug.xcconfig"; path = "Target Support Files/Pods-MoviesApp-ChallengeTests/Pods-MoviesApp-ChallengeTests.debug.xcconfig"; sourceTree = "<group>"; };
		9352ABC196096581FCD85353 /* Pods-MoviesApp-ChallengeTests.release.xcconfig */ = {isa = PBXFileReference; includeInIndex = 1; lastKnownFileType = text.xcconfig; name = "Pods-MoviesApp-ChallengeTests.release.xcconfig"; path = "Target Support Files/Pods-MoviesApp-ChallengeTests/Pods-MoviesApp-ChallengeTests.release.xcconfig"; sourceTree = "<group>"; };
		C8B802D8EC98F3B2A81E619A /* Pods-MoviesApp-Challenge-MoviesApp-ChallengeUITests.debug.xcconfig */ = {isa = PBXFileReference; includeInIndex = 1; lastKnownFileType = text.xcconfig; name = "Pods-MoviesApp-Challenge-MoviesApp-ChallengeUITests.debug.xcconfig"; path = "Target Support Files/Pods-MoviesApp-Challenge-MoviesApp-ChallengeUITests/Pods-MoviesApp-Challenge-MoviesApp-ChallengeUITests.debug.xcconfig"; sourceTree = "<group>"; };
		D3B29DD670E16D9088D27694 /* Pods_MoviesApp_Challenge_MoviesApp_ChallengeUITests.framework */ = {isa = PBXFileReference; explicitFileType = wrapper.framework; includeInIndex = 0; path = Pods_MoviesApp_Challenge_MoviesApp_ChallengeUITests.framework; sourceTree = BUILT_PRODUCTS_DIR; };
		FE2F11362709CC0000C533FA /* TestView.swift */ = {isa = PBXFileReference; lastKnownFileType = sourcecode.swift; path = TestView.swift; sourceTree = "<group>"; };
		FE5D4F662707B20500DEAD2B /* SliderCell.swift */ = {isa = PBXFileReference; lastKnownFileType = sourcecode.swift; path = SliderCell.swift; sourceTree = "<group>"; };
		FE5D4F672707B20500DEAD2B /* SliderCell.xib */ = {isa = PBXFileReference; lastKnownFileType = file.xib; path = SliderCell.xib; sourceTree = "<group>"; };
		FE6F79D62708A01A00D2FF4A /* MovieDetail.storyboard */ = {isa = PBXFileReference; lastKnownFileType = file.storyboard; path = MovieDetail.storyboard; sourceTree = "<group>"; };
		FE6F79D82708A0A500D2FF4A /* MovieDetailVC.swift */ = {isa = PBXFileReference; lastKnownFileType = sourcecode.swift; path = MovieDetailVC.swift; sourceTree = "<group>"; };
		FE6F79DB2708B8B800D2FF4A /* MovieDetail.swift */ = {isa = PBXFileReference; lastKnownFileType = sourcecode.swift; path = MovieDetail.swift; sourceTree = "<group>"; };
		FE6F79DD2708BC1C00D2FF4A /* MovieDetailConstracts.swift */ = {isa = PBXFileReference; lastKnownFileType = sourcecode.swift; path = MovieDetailConstracts.swift; sourceTree = "<group>"; };
		FE6F79DF2708BC4400D2FF4A /* MovieDetailViewModel.swift */ = {isa = PBXFileReference; lastKnownFileType = sourcecode.swift; path = MovieDetailViewModel.swift; sourceTree = "<group>"; };
		FE6F79E12708F50600D2FF4A /* DetailBodyView.swift */ = {isa = PBXFileReference; lastKnownFileType = sourcecode.swift; path = DetailBodyView.swift; sourceTree = "<group>"; };
		FE6F79E32708F51200D2FF4A /* DetailBodyView.xib */ = {isa = PBXFileReference; lastKnownFileType = file.xib; path = DetailBodyView.xib; sourceTree = "<group>"; };
		FE6F79E627097C5A00D2FF4A /* MovieDetailBuilder.swift */ = {isa = PBXFileReference; lastKnownFileType = sourcecode.swift; path = MovieDetailBuilder.swift; sourceTree = "<group>"; };
		FE6F7A0C2709B80100D2FF4A /* MainScrollView.swift */ = {isa = PBXFileReference; lastKnownFileType = sourcecode.swift; path = MainScrollView.swift; sourceTree = "<group>"; };
		FE6F7A172709C09D00D2FF4A /* Test.swift */ = {isa = PBXFileReference; lastKnownFileType = sourcecode.swift; path = Test.swift; sourceTree = "<group>"; };
		FEBB26C927086E13009AEF45 /* TheMovieListError.swift */ = {isa = PBXFileReference; lastKnownFileType = sourcecode.swift; path = TheMovieListError.swift; sourceTree = "<group>"; };
		FEE6E2382707411800479713 /* MoviesApp-Challenge.app */ = {isa = PBXFileReference; explicitFileType = wrapper.application; includeInIndex = 0; path = "MoviesApp-Challenge.app"; sourceTree = BUILT_PRODUCTS_DIR; };
		FEE6E23B2707411800479713 /* AppDelegate.swift */ = {isa = PBXFileReference; lastKnownFileType = sourcecode.swift; path = AppDelegate.swift; sourceTree = "<group>"; };
		FEE6E23D2707411800479713 /* SceneDelegate.swift */ = {isa = PBXFileReference; lastKnownFileType = sourcecode.swift; path = SceneDelegate.swift; sourceTree = "<group>"; };
		FEE6E2442707411800479713 /* Assets.xcassets */ = {isa = PBXFileReference; lastKnownFileType = folder.assetcatalog; path = Assets.xcassets; sourceTree = "<group>"; };
		FEE6E2472707411800479713 /* Base */ = {isa = PBXFileReference; lastKnownFileType = file.storyboard; name = Base; path = Base.lproj/LaunchScreen.storyboard; sourceTree = "<group>"; };
		FEE6E2492707411800479713 /* Info.plist */ = {isa = PBXFileReference; lastKnownFileType = text.plist.xml; path = Info.plist; sourceTree = "<group>"; };
		FEE6E24E2707411800479713 /* MoviesApp-ChallengeTests.xctest */ = {isa = PBXFileReference; explicitFileType = wrapper.cfbundle; includeInIndex = 0; path = "MoviesApp-ChallengeTests.xctest"; sourceTree = BUILT_PRODUCTS_DIR; };
		FEE6E2522707411800479713 /* MoviesApp_ChallengeTests.swift */ = {isa = PBXFileReference; lastKnownFileType = sourcecode.swift; path = MoviesApp_ChallengeTests.swift; sourceTree = "<group>"; };
		FEE6E2542707411800479713 /* Info.plist */ = {isa = PBXFileReference; lastKnownFileType = text.plist.xml; path = Info.plist; sourceTree = "<group>"; };
		FEE6E2592707411800479713 /* MoviesApp-ChallengeUITests.xctest */ = {isa = PBXFileReference; explicitFileType = wrapper.cfbundle; includeInIndex = 0; path = "MoviesApp-ChallengeUITests.xctest"; sourceTree = BUILT_PRODUCTS_DIR; };
		FEE6E25D2707411800479713 /* MoviesApp_ChallengeUITests.swift */ = {isa = PBXFileReference; lastKnownFileType = sourcecode.swift; path = MoviesApp_ChallengeUITests.swift; sourceTree = "<group>"; };
		FEE6E25F2707411800479713 /* Info.plist */ = {isa = PBXFileReference; lastKnownFileType = text.plist.xml; path = Info.plist; sourceTree = "<group>"; };
		FEE6E2802707418C00479713 /* AppStoryBoards.swift */ = {isa = PBXFileReference; fileEncoding = 4; lastKnownFileType = sourcecode.swift; path = AppStoryBoards.swift; sourceTree = "<group>"; };
		FEE6E2832707418C00479713 /* NetworkContracts.swift */ = {isa = PBXFileReference; fileEncoding = 4; lastKnownFileType = sourcecode.swift; path = NetworkContracts.swift; sourceTree = "<group>"; };
		FEE6E2842707418C00479713 /* HttpMethod.swift */ = {isa = PBXFileReference; fileEncoding = 4; lastKnownFileType = sourcecode.swift; path = HttpMethod.swift; sourceTree = "<group>"; };
		FEE6E2852707418C00479713 /* HttpHeader.swift */ = {isa = PBXFileReference; fileEncoding = 4; lastKnownFileType = sourcecode.swift; path = HttpHeader.swift; sourceTree = "<group>"; };
		FEE6E2862707418C00479713 /* NetworkExecuter.swift */ = {isa = PBXFileReference; fileEncoding = 4; lastKnownFileType = sourcecode.swift; path = NetworkExecuter.swift; sourceTree = "<group>"; };
		FEE6E2872707418C00479713 /* NetworkError.swift */ = {isa = PBXFileReference; fileEncoding = 4; lastKnownFileType = sourcecode.swift; path = NetworkError.swift; sourceTree = "<group>"; };
		FEE6E28A2707418C00479713 /* UIView+Ext.swift */ = {isa = PBXFileReference; fileEncoding = 4; lastKnownFileType = sourcecode.swift; path = "UIView+Ext.swift"; sourceTree = "<group>"; };
		FEE6E28B2707418C00479713 /* TableView+Ext.swift */ = {isa = PBXFileReference; fileEncoding = 4; lastKnownFileType = sourcecode.swift; path = "TableView+Ext.swift"; sourceTree = "<group>"; };
		FEE6E28C2707418C00479713 /* StoryBoard+Ext.swift */ = {isa = PBXFileReference; fileEncoding = 4; lastKnownFileType = sourcecode.swift; path = "StoryBoard+Ext.swift"; sourceTree = "<group>"; };
		FEE6E28D2707418C00479713 /* ViewController+Ext.swift */ = {isa = PBXFileReference; fileEncoding = 4; lastKnownFileType = sourcecode.swift; path = "ViewController+Ext.swift"; sourceTree = "<group>"; };
		FEE6E2AB2707434900479713 /* Home.storyboard */ = {isa = PBXFileReference; lastKnownFileType = file.storyboard; path = Home.storyboard; sourceTree = "<group>"; };
		FEE6E2AE27074A6D00479713 /* TheMovieAPI.swift */ = {isa = PBXFileReference; lastKnownFileType = sourcecode.swift; path = TheMovieAPI.swift; sourceTree = "<group>"; };
		FEE6E2B127074CD400479713 /* AppConstants.swift */ = {isa = PBXFileReference; lastKnownFileType = sourcecode.swift; path = AppConstants.swift; sourceTree = "<group>"; };
		FEE6E2B327074D5B00479713 /* HomeVC.swift */ = {isa = PBXFileReference; lastKnownFileType = sourcecode.swift; path = HomeVC.swift; sourceTree = "<group>"; };
		FEE6E2BA2707522400479713 /* Movie.swift */ = {isa = PBXFileReference; lastKnownFileType = sourcecode.swift; path = Movie.swift; sourceTree = "<group>"; };
		FEE6E2BE270753C700479713 /* BaseResult.swift */ = {isa = PBXFileReference; lastKnownFileType = sourcecode.swift; path = BaseResult.swift; sourceTree = "<group>"; };
		FEE6E2C02707544700479713 /* BaseTheMovie.swift */ = {isa = PBXFileReference; lastKnownFileType = sourcecode.swift; path = BaseTheMovie.swift; sourceTree = "<group>"; };
		FEE6E2C32707573A00479713 /* Movies-Service.swift */ = {isa = PBXFileReference; lastKnownFileType = sourcecode.swift; path = "Movies-Service.swift"; sourceTree = "<group>"; };
		FEE6E2C52707574C00479713 /* MoviesDataSource.swift */ = {isa = PBXFileReference; lastKnownFileType = sourcecode.swift; path = MoviesDataSource.swift; sourceTree = "<group>"; };
		FEE6E2C82707743A00479713 /* MoviesRepositoryContracts.swift */ = {isa = PBXFileReference; lastKnownFileType = sourcecode.swift; path = MoviesRepositoryContracts.swift; sourceTree = "<group>"; };
		FEE6E2CB2707749300479713 /* TheMovieError.swift */ = {isa = PBXFileReference; lastKnownFileType = sourcecode.swift; path = TheMovieError.swift; sourceTree = "<group>"; };
		FEE6E2CD2707761900479713 /* MoviesRepository.swift */ = {isa = PBXFileReference; lastKnownFileType = sourcecode.swift; path = MoviesRepository.swift; sourceTree = "<group>"; };
		FEE6E2CF2707792600479713 /* NetworkError+Ext.swift */ = {isa = PBXFileReference; lastKnownFileType = sourcecode.swift; path = "NetworkError+Ext.swift"; sourceTree = "<group>"; };
		FEE6E2D127077BF200479713 /* HomeViewModel.swift */ = {isa = PBXFileReference; lastKnownFileType = sourcecode.swift; path = HomeViewModel.swift; sourceTree = "<group>"; };
		FEE6E2D327077C0B00479713 /* HomeContracts.swift */ = {isa = PBXFileReference; lastKnownFileType = sourcecode.swift; path = HomeContracts.swift; sourceTree = "<group>"; };
		FEE6E2D5270784BF00479713 /* SliderCollectionView.swift */ = {isa = PBXFileReference; lastKnownFileType = sourcecode.swift; path = SliderCollectionView.swift; sourceTree = "<group>"; };
		FEE6E2D7270784E600479713 /* UpComingTableView.swift */ = {isa = PBXFileReference; lastKnownFileType = sourcecode.swift; path = UpComingTableView.swift; sourceTree = "<group>"; };
		FEE6E2DB2707854600479713 /* UpComingCell.swift */ = {isa = PBXFileReference; lastKnownFileType = sourcecode.swift; path = UpComingCell.swift; sourceTree = "<group>"; };
		FEE6E2DC2707854600479713 /* UpComingCell.xib */ = {isa = PBXFileReference; lastKnownFileType = file.xib; path = UpComingCell.xib; sourceTree = "<group>"; };
		FEE6E2DF27078E3C00479713 /* String+Ext.swift */ = {isa = PBXFileReference; lastKnownFileType = sourcecode.swift; path = "String+Ext.swift"; sourceTree = "<group>"; };
/* End PBXFileReference section */

/* Begin PBXFrameworksBuildPhase section */
		FEE6E2352707411800479713 /* Frameworks */ = {
			isa = PBXFrameworksBuildPhase;
			buildActionMask = 2147483647;
			files = (
				F60B985B9306A9384898DF83 /* Pods_MoviesApp_Challenge.framework in Frameworks */,
			);
			runOnlyForDeploymentPostprocessing = 0;
		};
		FEE6E24B2707411800479713 /* Frameworks */ = {
			isa = PBXFrameworksBuildPhase;
			buildActionMask = 2147483647;
			files = (
				81EC705D2EEF0BC6EE0CCC41 /* Pods_MoviesApp_ChallengeTests.framework in Frameworks */,
			);
			runOnlyForDeploymentPostprocessing = 0;
		};
		FEE6E2562707411800479713 /* Frameworks */ = {
			isa = PBXFrameworksBuildPhase;
			buildActionMask = 2147483647;
			files = (
				032E08FC00CB25B2B22B8724 /* Pods_MoviesApp_Challenge_MoviesApp_ChallengeUITests.framework in Frameworks */,
			);
			runOnlyForDeploymentPostprocessing = 0;
		};
/* End PBXFrameworksBuildPhase section */

/* Begin PBXGroup section */
		0A7CE18615FE5EA4EA6D75C9 /* Frameworks */ = {
			isa = PBXGroup;
			children = (
				370CDB3AA99C0BF01086D52E /* Pods_MoviesApp_Challenge.framework */,
				D3B29DD670E16D9088D27694 /* Pods_MoviesApp_Challenge_MoviesApp_ChallengeUITests.framework */,
				2C50F3576E770A36925C383E /* Pods_MoviesApp_ChallengeTests.framework */,
			);
			name = Frameworks;
			sourceTree = "<group>";
		};
		FBD7CE17621E6F2DDEAA9D35 /* Pods */ = {
			isa = PBXGroup;
			children = (
				6A61FDC4FAF18D5A25C9C5C0 /* Pods-MoviesApp-Challenge.debug.xcconfig */,
				18F9BD6D361282B56BBEB830 /* Pods-MoviesApp-Challenge.release.xcconfig */,
				C8B802D8EC98F3B2A81E619A /* Pods-MoviesApp-Challenge-MoviesApp-ChallengeUITests.debug.xcconfig */,
				05CA00D97FE656F915F6CE6D /* Pods-MoviesApp-Challenge-MoviesApp-ChallengeUITests.release.xcconfig */,
				9032792D428B6B400D1FA22B /* Pods-MoviesApp-ChallengeTests.debug.xcconfig */,
				9352ABC196096581FCD85353 /* Pods-MoviesApp-ChallengeTests.release.xcconfig */,
			);
			path = Pods;
			sourceTree = "<group>";
		};
		FE6F79D127089FE500D2FF4A /* MovieDetail */ = {
			isa = PBXGroup;
			children = (
				FE6F79D52708A00900D2FF4A /* Views */,
				FE6F79D42708A00200D2FF4A /* ViewModel */,
				FE6F79D327089FFC00D2FF4A /* ViewController */,
				FE6F79D227089FEF00D2FF4A /* StoryBoard */,
			);
			path = MovieDetail;
			sourceTree = "<group>";
		};
		FE6F79D227089FEF00D2FF4A /* StoryBoard */ = {
			isa = PBXGroup;
			children = (
				FE6F79D62708A01A00D2FF4A /* MovieDetail.storyboard */,
			);
			path = StoryBoard;
			sourceTree = "<group>";
		};
		FE6F79D327089FFC00D2FF4A /* ViewController */ = {
			isa = PBXGroup;
			children = (
				FE6F79D82708A0A500D2FF4A /* MovieDetailVC.swift */,
			);
			path = ViewController;
			sourceTree = "<group>";
		};
		FE6F79D42708A00200D2FF4A /* ViewModel */ = {
			isa = PBXGroup;
			children = (
				FE6F79DD2708BC1C00D2FF4A /* MovieDetailConstracts.swift */,
				FE6F79DF2708BC4400D2FF4A /* MovieDetailViewModel.swift */,
			);
			path = ViewModel;
			sourceTree = "<group>";
		};
		FE6F79D52708A00900D2FF4A /* Views */ = {
			isa = PBXGroup;
			children = (
				FE6F79E12708F50600D2FF4A /* DetailBodyView.swift */,
				FE6F79E32708F51200D2FF4A /* DetailBodyView.xib */,
			);
			path = Views;
			sourceTree = "<group>";
		};
		FE6F79DA2708B8A100D2FF4A /* MovieDetail */ = {
			isa = PBXGroup;
			children = (
				FE6F79DB2708B8B800D2FF4A /* MovieDetail.swift */,
			);
			path = MovieDetail;
			sourceTree = "<group>";
		};
		FE6F79E527097C2600D2FF4A /* Builders */ = {
			isa = PBXGroup;
			children = (
				FE6F79E627097C5A00D2FF4A /* MovieDetailBuilder.swift */,
			);
			path = Builders;
			sourceTree = "<group>";
		};
		FE6F7A162709C08E00D2FF4A /* Local */ = {
			isa = PBXGroup;
			children = (
				FE6F7A172709C09D00D2FF4A /* Test.swift */,
			);
			path = Local;
			sourceTree = "<group>";
		};
		FEE6E22F2707411800479713 = {
			isa = PBXGroup;
			children = (
				FEE6E23A2707411800479713 /* MoviesApp-Challenge */,
				FEE6E2512707411800479713 /* MoviesApp-ChallengeTests */,
				FEE6E25C2707411800479713 /* MoviesApp-ChallengeUITests */,
				FEE6E2392707411800479713 /* Products */,
				FBD7CE17621E6F2DDEAA9D35 /* Pods */,
				0A7CE18615FE5EA4EA6D75C9 /* Frameworks */,
			);
			sourceTree = "<group>";
		};
		FEE6E2392707411800479713 /* Products */ = {
			isa = PBXGroup;
			children = (
				FEE6E2382707411800479713 /* MoviesApp-Challenge.app */,
				FEE6E24E2707411800479713 /* MoviesApp-ChallengeTests.xctest */,
				FEE6E2592707411800479713 /* MoviesApp-ChallengeUITests.xctest */,
			);
			name = Products;
			sourceTree = "<group>";
		};
		FEE6E23A2707411800479713 /* MoviesApp-Challenge */ = {
			isa = PBXGroup;
			children = (
				FEE6E26D2707414700479713 /* Core */,
				FEE6E26C2707414300479713 /* App */,
				FEE6E26B2707411D00479713 /* SupportingFiles */,
			);
			path = "MoviesApp-Challenge";
			sourceTree = "<group>";
		};
		FEE6E2512707411800479713 /* MoviesApp-ChallengeTests */ = {
			isa = PBXGroup;
			children = (
				FEE6E2522707411800479713 /* MoviesApp_ChallengeTests.swift */,
				FEE6E2542707411800479713 /* Info.plist */,
			);
			path = "MoviesApp-ChallengeTests";
			sourceTree = "<group>";
		};
		FEE6E25C2707411800479713 /* MoviesApp-ChallengeUITests */ = {
			isa = PBXGroup;
			children = (
				FEE6E25D2707411800479713 /* MoviesApp_ChallengeUITests.swift */,
				FEE6E25F2707411800479713 /* Info.plist */,
			);
			path = "MoviesApp-ChallengeUITests";
			sourceTree = "<group>";
		};
		FEE6E26B2707411D00479713 /* SupportingFiles */ = {
			isa = PBXGroup;
			children = (
				FEE6E23B2707411800479713 /* AppDelegate.swift */,
				FEE6E23D2707411800479713 /* SceneDelegate.swift */,
				FEE6E2492707411800479713 /* Info.plist */,
			);
			path = SupportingFiles;
			sourceTree = "<group>";
		};
		FEE6E26C2707414300479713 /* App */ = {
			isa = PBXGroup;
			children = (
				FEE6E26F2707414E00479713 /* Data */,
				FEE6E26E2707414A00479713 /* Presentation */,
			);
			path = App;
			sourceTree = "<group>";
		};
		FEE6E26D2707414700479713 /* Core */ = {
			isa = PBXGroup;
			children = (
				FEE6E2B027074CCA00479713 /* Constants */,
				FEE6E27F2707418C00479713 /* Enums */,
				FEE6E2882707418C00479713 /* Extensions */,
				FEE6E2812707418C00479713 /* Network */,
				FEE6E27B2707418C00479713 /* Utilities */,
			);
			path = Core;
			sourceTree = "<group>";
		};
		FEE6E26E2707414A00479713 /* Presentation */ = {
			isa = PBXGroup;
			children = (
				FE6F79E527097C2600D2FF4A /* Builders */,
				FEE6E2A3270742B300479713 /* Components */,
				FEE6E2A4270742B800479713 /* Screens */,
			);
			path = Presentation;
			sourceTree = "<group>";
		};
		FEE6E26F2707414E00479713 /* Data */ = {
			isa = PBXGroup;
			children = (
				FE6F7A162709C08E00D2FF4A /* Local */,
				FEE6E2A12707429D00479713 /* Remote */,
				FEE6E2A2270742A300479713 /* Repository */,
			);
			path = Data;
			sourceTree = "<group>";
		};
		FEE6E27B2707418C00479713 /* Utilities */ = {
			isa = PBXGroup;
			children = (
				FEE6E2442707411800479713 /* Assets.xcassets */,
				FEE6E2462707411800479713 /* LaunchScreen.storyboard */,
			);
			path = Utilities;
			sourceTree = "<group>";
		};
		FEE6E27F2707418C00479713 /* Enums */ = {
			isa = PBXGroup;
			children = (
				FEE6E2802707418C00479713 /* AppStoryBoards.swift */,
			);
			path = Enums;
			sourceTree = "<group>";
		};
		FEE6E2812707418C00479713 /* Network */ = {
			isa = PBXGroup;
			children = (
				FEE6E2832707418C00479713 /* NetworkContracts.swift */,
				FEE6E2842707418C00479713 /* HttpMethod.swift */,
				FEE6E2852707418C00479713 /* HttpHeader.swift */,
				FEE6E2862707418C00479713 /* NetworkExecuter.swift */,
				FEE6E2872707418C00479713 /* NetworkError.swift */,
			);
			path = Network;
			sourceTree = "<group>";
		};
		FEE6E2882707418C00479713 /* Extensions */ = {
			isa = PBXGroup;
			children = (
				FEE6E28A2707418C00479713 /* UIView+Ext.swift */,
				FEE6E28B2707418C00479713 /* TableView+Ext.swift */,
				FEE6E28C2707418C00479713 /* StoryBoard+Ext.swift */,
				FEE6E28D2707418C00479713 /* ViewController+Ext.swift */,
				FEE6E2CF2707792600479713 /* NetworkError+Ext.swift */,
				FEE6E2DF27078E3C00479713 /* String+Ext.swift */,
			);
			path = Extensions;
			sourceTree = "<group>";
		};
		FEE6E2A12707429D00479713 /* Remote */ = {
			isa = PBXGroup;
			children = (
				FEE6E2AD27074A5400479713 /* HttpClients */,
				FEE6E2B627074E8E00479713 /* Service */,
				FEE6E2B527074E8B00479713 /* Models */,
			);
			path = Remote;
			sourceTree = "<group>";
		};
		FEE6E2A2270742A300479713 /* Repository */ = {
			isa = PBXGroup;
			children = (
				FEE6E2C72707742A00479713 /* MoviesRepository */,
			);
			path = Repository;
			sourceTree = "<group>";
		};
		FEE6E2A3270742B300479713 /* Components */ = {
			isa = PBXGroup;
			children = (
				FE2F11362709CC0000C533FA /* TestView.swift */,
			);
			path = Components;
			sourceTree = "<group>";
		};
		FEE6E2A4270742B800479713 /* Screens */ = {
			isa = PBXGroup;
			children = (
				FEE6E2A5270742C000479713 /* Home */,
				FE6F79D127089FE500D2FF4A /* MovieDetail */,
			);
			path = Screens;
			sourceTree = "<group>";
		};
		FEE6E2A5270742C000479713 /* Home */ = {
			isa = PBXGroup;
			children = (
				FEE6E2A6270742C400479713 /* Views */,
				FEE6E2A7270742C800479713 /* Cells */,
				FEE6E2AA2707431D00479713 /* ViewModel */,
				FEE6E2A8270742FF00479713 /* ViewController */,
				FEE6E2A92707431300479713 /* StoryBoard */,
			);
			path = Home;
			sourceTree = "<group>";
		};
		FEE6E2A6270742C400479713 /* Views */ = {
			isa = PBXGroup;
			children = (
				FEE6E2D5270784BF00479713 /* SliderCollectionView.swift */,
				FEE6E2D7270784E600479713 /* UpComingTableView.swift */,
				FE6F7A0C2709B80100D2FF4A /* MainScrollView.swift */,
			);
			path = Views;
			sourceTree = "<group>";
		};
		FEE6E2A7270742C800479713 /* Cells */ = {
			isa = PBXGroup;
			children = (
				FEE6E2DB2707854600479713 /* UpComingCell.swift */,
				FEE6E2DC2707854600479713 /* UpComingCell.xib */,
				FE5D4F662707B20500DEAD2B /* SliderCell.swift */,
				FE5D4F672707B20500DEAD2B /* SliderCell.xib */,
			);
			path = Cells;
			sourceTree = "<group>";
		};
		FEE6E2A8270742FF00479713 /* ViewController */ = {
			isa = PBXGroup;
			children = (
				FEE6E2B327074D5B00479713 /* HomeVC.swift */,
			);
			path = ViewController;
			sourceTree = "<group>";
		};
		FEE6E2A92707431300479713 /* StoryBoard */ = {
			isa = PBXGroup;
			children = (
				FEE6E2AB2707434900479713 /* Home.storyboard */,
			);
			path = StoryBoard;
			sourceTree = "<group>";
		};
		FEE6E2AA2707431D00479713 /* ViewModel */ = {
			isa = PBXGroup;
			children = (
				FEE6E2D327077C0B00479713 /* HomeContracts.swift */,
				FEE6E2D127077BF200479713 /* HomeViewModel.swift */,
			);
			path = ViewModel;
			sourceTree = "<group>";
		};
		FEE6E2AD27074A5400479713 /* HttpClients */ = {
			isa = PBXGroup;
			children = (
				FEE6E2AE27074A6D00479713 /* TheMovieAPI.swift */,
			);
			path = HttpClients;
			sourceTree = "<group>";
		};
		FEE6E2B027074CCA00479713 /* Constants */ = {
			isa = PBXGroup;
			children = (
				FEE6E2B127074CD400479713 /* AppConstants.swift */,
			);
			path = Constants;
			sourceTree = "<group>";
		};
		FEE6E2B527074E8B00479713 /* Models */ = {
			isa = PBXGroup;
			children = (
				FE6F79DA2708B8A100D2FF4A /* MovieDetail */,
				FEE6E2CA2707748500479713 /* TheMovieError */,
				FEE6E2BD270753B700479713 /* BaseResult */,
				FEE6E2BC270752B100479713 /* BaseTheMovie */,
				FEE6E2B92707520B00479713 /* Movie */,
			);
			path = Models;
			sourceTree = "<group>";
		};
		FEE6E2B627074E8E00479713 /* Service */ = {
			isa = PBXGroup;
			children = (
				FEE6E2C22707571F00479713 /* Movies-Service */,
			);
			path = Service;
			sourceTree = "<group>";
		};
		FEE6E2B92707520B00479713 /* Movie */ = {
			isa = PBXGroup;
			children = (
				FEE6E2BA2707522400479713 /* Movie.swift */,
			);
			path = Movie;
			sourceTree = "<group>";
		};
		FEE6E2BC270752B100479713 /* BaseTheMovie */ = {
			isa = PBXGroup;
			children = (
				FEE6E2C02707544700479713 /* BaseTheMovie.swift */,
			);
			path = BaseTheMovie;
			sourceTree = "<group>";
		};
		FEE6E2BD270753B700479713 /* BaseResult */ = {
			isa = PBXGroup;
			children = (
				FEE6E2BE270753C700479713 /* BaseResult.swift */,
			);
			path = BaseResult;
			sourceTree = "<group>";
		};
		FEE6E2C22707571F00479713 /* Movies-Service */ = {
			isa = PBXGroup;
			children = (
				FEE6E2C52707574C00479713 /* MoviesDataSource.swift */,
				FEE6E2C32707573A00479713 /* Movies-Service.swift */,
			);
			path = "Movies-Service";
			sourceTree = "<group>";
		};
		FEE6E2C72707742A00479713 /* MoviesRepository */ = {
			isa = PBXGroup;
			children = (
				FEE6E2C82707743A00479713 /* MoviesRepositoryContracts.swift */,
				FEE6E2CD2707761900479713 /* MoviesRepository.swift */,
			);
			path = MoviesRepository;
			sourceTree = "<group>";
		};
		FEE6E2CA2707748500479713 /* TheMovieError */ = {
			isa = PBXGroup;
			children = (
				FEE6E2CB2707749300479713 /* TheMovieError.swift */,
				FEBB26C927086E13009AEF45 /* TheMovieListError.swift */,
			);
			path = TheMovieError;
			sourceTree = "<group>";
		};
/* End PBXGroup section */

/* Begin PBXNativeTarget section */
		FEE6E2372707411800479713 /* MoviesApp-Challenge */ = {
			isa = PBXNativeTarget;
			buildConfigurationList = FEE6E2622707411800479713 /* Build configuration list for PBXNativeTarget "MoviesApp-Challenge" */;
			buildPhases = (
				97D5D538C81E34D70BC53FE9 /* [CP] Check Pods Manifest.lock */,
				FEE6E2342707411800479713 /* Sources */,
				FEE6E2352707411800479713 /* Frameworks */,
				FEE6E2362707411800479713 /* Resources */,
				780D8652D978CED499800799 /* [CP] Embed Pods Frameworks */,
			);
			buildRules = (
			);
			dependencies = (
			);
			name = "MoviesApp-Challenge";
			productName = "MoviesApp-Challenge";
			productReference = FEE6E2382707411800479713 /* MoviesApp-Challenge.app */;
			productType = "com.apple.product-type.application";
		};
		FEE6E24D2707411800479713 /* MoviesApp-ChallengeTests */ = {
			isa = PBXNativeTarget;
			buildConfigurationList = FEE6E2652707411800479713 /* Build configuration list for PBXNativeTarget "MoviesApp-ChallengeTests" */;
			buildPhases = (
				0B2109F277E3B5531EC499CD /* [CP] Check Pods Manifest.lock */,
				FEE6E24A2707411800479713 /* Sources */,
				FEE6E24B2707411800479713 /* Frameworks */,
				FEE6E24C2707411800479713 /* Resources */,
			);
			buildRules = (
			);
			dependencies = (
				FEE6E2502707411800479713 /* PBXTargetDependency */,
			);
			name = "MoviesApp-ChallengeTests";
			productName = "MoviesApp-ChallengeTests";
			productReference = FEE6E24E2707411800479713 /* MoviesApp-ChallengeTests.xctest */;
			productType = "com.apple.product-type.bundle.unit-test";
		};
		FEE6E2582707411800479713 /* MoviesApp-ChallengeUITests */ = {
			isa = PBXNativeTarget;
			buildConfigurationList = FEE6E2682707411800479713 /* Build configuration list for PBXNativeTarget "MoviesApp-ChallengeUITests" */;
			buildPhases = (
				57B1C8BDB0E3ECB8CE9C1A94 /* [CP] Check Pods Manifest.lock */,
				FEE6E2552707411800479713 /* Sources */,
				FEE6E2562707411800479713 /* Frameworks */,
				FEE6E2572707411800479713 /* Resources */,
				7487251507B8E8B1B2BFC337 /* [CP] Embed Pods Frameworks */,
			);
			buildRules = (
			);
			dependencies = (
				FEE6E25B2707411800479713 /* PBXTargetDependency */,
			);
			name = "MoviesApp-ChallengeUITests";
			productName = "MoviesApp-ChallengeUITests";
			productReference = FEE6E2592707411800479713 /* MoviesApp-ChallengeUITests.xctest */;
			productType = "com.apple.product-type.bundle.ui-testing";
		};
/* End PBXNativeTarget section */

/* Begin PBXProject section */
		FEE6E2302707411800479713 /* Project object */ = {
			isa = PBXProject;
			attributes = {
				LastSwiftUpdateCheck = 1250;
				LastUpgradeCheck = 1250;
				TargetAttributes = {
					FEE6E2372707411800479713 = {
						CreatedOnToolsVersion = 12.5.1;
					};
					FEE6E24D2707411800479713 = {
						CreatedOnToolsVersion = 12.5.1;
						TestTargetID = FEE6E2372707411800479713;
					};
					FEE6E2582707411800479713 = {
						CreatedOnToolsVersion = 12.5.1;
						TestTargetID = FEE6E2372707411800479713;
					};
				};
			};
			buildConfigurationList = FEE6E2332707411800479713 /* Build configuration list for PBXProject "MoviesApp-Challenge" */;
			compatibilityVersion = "Xcode 9.3";
			developmentRegion = en;
			hasScannedForEncodings = 0;
			knownRegions = (
				en,
				Base,
			);
			mainGroup = FEE6E22F2707411800479713;
			productRefGroup = FEE6E2392707411800479713 /* Products */;
			projectDirPath = "";
			projectRoot = "";
			targets = (
				FEE6E2372707411800479713 /* MoviesApp-Challenge */,
				FEE6E24D2707411800479713 /* MoviesApp-ChallengeTests */,
				FEE6E2582707411800479713 /* MoviesApp-ChallengeUITests */,
			);
		};
/* End PBXProject section */

/* Begin PBXResourcesBuildPhase section */
		FEE6E2362707411800479713 /* Resources */ = {
			isa = PBXResourcesBuildPhase;
			buildActionMask = 2147483647;
			files = (
				FE6F79D72708A01A00D2FF4A /* MovieDetail.storyboard in Resources */,
				FEE6E2AC2707434900479713 /* Home.storyboard in Resources */,
				FEE6E2DE2707854600479713 /* UpComingCell.xib in Resources */,
				FE5D4F692707B20500DEAD2B /* SliderCell.xib in Resources */,
				FEE6E2482707411800479713 /* LaunchScreen.storyboard in Resources */,
				FEE6E2452707411800479713 /* Assets.xcassets in Resources */,
				FE6F79E42708F51200D2FF4A /* DetailBodyView.xib in Resources */,
			);
			runOnlyForDeploymentPostprocessing = 0;
		};
		FEE6E24C2707411800479713 /* Resources */ = {
			isa = PBXResourcesBuildPhase;
			buildActionMask = 2147483647;
			files = (
			);
			runOnlyForDeploymentPostprocessing = 0;
		};
		FEE6E2572707411800479713 /* Resources */ = {
			isa = PBXResourcesBuildPhase;
			buildActionMask = 2147483647;
			files = (
			);
			runOnlyForDeploymentPostprocessing = 0;
		};
/* End PBXResourcesBuildPhase section */

/* Begin PBXShellScriptBuildPhase section */
		0B2109F277E3B5531EC499CD /* [CP] Check Pods Manifest.lock */ = {
			isa = PBXShellScriptBuildPhase;
			buildActionMask = 2147483647;
			files = (
			);
			inputFileListPaths = (
			);
			inputPaths = (
				"${PODS_PODFILE_DIR_PATH}/Podfile.lock",
				"${PODS_ROOT}/Manifest.lock",
			);
			name = "[CP] Check Pods Manifest.lock";
			outputFileListPaths = (
			);
			outputPaths = (
				"$(DERIVED_FILE_DIR)/Pods-MoviesApp-ChallengeTests-checkManifestLockResult.txt",
			);
			runOnlyForDeploymentPostprocessing = 0;
			shellPath = /bin/sh;
			shellScript = "diff \"${PODS_PODFILE_DIR_PATH}/Podfile.lock\" \"${PODS_ROOT}/Manifest.lock\" > /dev/null\nif [ $? != 0 ] ; then\n    # print error to STDERR\n    echo \"error: The sandbox is not in sync with the Podfile.lock. Run 'pod install' or update your CocoaPods installation.\" >&2\n    exit 1\nfi\n# This output is used by Xcode 'outputs' to avoid re-running this script phase.\necho \"SUCCESS\" > \"${SCRIPT_OUTPUT_FILE_0}\"\n";
			showEnvVarsInLog = 0;
		};
		57B1C8BDB0E3ECB8CE9C1A94 /* [CP] Check Pods Manifest.lock */ = {
			isa = PBXShellScriptBuildPhase;
			buildActionMask = 2147483647;
			files = (
			);
			inputFileListPaths = (
			);
			inputPaths = (
				"${PODS_PODFILE_DIR_PATH}/Podfile.lock",
				"${PODS_ROOT}/Manifest.lock",
			);
			name = "[CP] Check Pods Manifest.lock";
			outputFileListPaths = (
			);
			outputPaths = (
				"$(DERIVED_FILE_DIR)/Pods-MoviesApp-Challenge-MoviesApp-ChallengeUITests-checkManifestLockResult.txt",
			);
			runOnlyForDeploymentPostprocessing = 0;
			shellPath = /bin/sh;
			shellScript = "diff \"${PODS_PODFILE_DIR_PATH}/Podfile.lock\" \"${PODS_ROOT}/Manifest.lock\" > /dev/null\nif [ $? != 0 ] ; then\n    # print error to STDERR\n    echo \"error: The sandbox is not in sync with the Podfile.lock. Run 'pod install' or update your CocoaPods installation.\" >&2\n    exit 1\nfi\n# This output is used by Xcode 'outputs' to avoid re-running this script phase.\necho \"SUCCESS\" > \"${SCRIPT_OUTPUT_FILE_0}\"\n";
			showEnvVarsInLog = 0;
		};
		7487251507B8E8B1B2BFC337 /* [CP] Embed Pods Frameworks */ = {
			isa = PBXShellScriptBuildPhase;
			buildActionMask = 2147483647;
			files = (
			);
			inputFileListPaths = (
				"${PODS_ROOT}/Target Support Files/Pods-MoviesApp-Challenge-MoviesApp-ChallengeUITests/Pods-MoviesApp-Challenge-MoviesApp-ChallengeUITests-frameworks-${CONFIGURATION}-input-files.xcfilelist",
			);
			name = "[CP] Embed Pods Frameworks";
			outputFileListPaths = (
				"${PODS_ROOT}/Target Support Files/Pods-MoviesApp-Challenge-MoviesApp-ChallengeUITests/Pods-MoviesApp-Challenge-MoviesApp-ChallengeUITests-frameworks-${CONFIGURATION}-output-files.xcfilelist",
			);
			runOnlyForDeploymentPostprocessing = 0;
			shellPath = /bin/sh;
			shellScript = "\"${PODS_ROOT}/Target Support Files/Pods-MoviesApp-Challenge-MoviesApp-ChallengeUITests/Pods-MoviesApp-Challenge-MoviesApp-ChallengeUITests-frameworks.sh\"\n";
			showEnvVarsInLog = 0;
		};
		780D8652D978CED499800799 /* [CP] Embed Pods Frameworks */ = {
			isa = PBXShellScriptBuildPhase;
			buildActionMask = 2147483647;
			files = (
			);
			inputFileListPaths = (
				"${PODS_ROOT}/Target Support Files/Pods-MoviesApp-Challenge/Pods-MoviesApp-Challenge-frameworks-${CONFIGURATION}-input-files.xcfilelist",
			);
			name = "[CP] Embed Pods Frameworks";
			outputFileListPaths = (
				"${PODS_ROOT}/Target Support Files/Pods-MoviesApp-Challenge/Pods-MoviesApp-Challenge-frameworks-${CONFIGURATION}-output-files.xcfilelist",
			);
			runOnlyForDeploymentPostprocessing = 0;
			shellPath = /bin/sh;
			shellScript = "\"${PODS_ROOT}/Target Support Files/Pods-MoviesApp-Challenge/Pods-MoviesApp-Challenge-frameworks.sh\"\n";
			showEnvVarsInLog = 0;
		};
		97D5D538C81E34D70BC53FE9 /* [CP] Check Pods Manifest.lock */ = {
			isa = PBXShellScriptBuildPhase;
			buildActionMask = 2147483647;
			files = (
			);
			inputFileListPaths = (
			);
			inputPaths = (
				"${PODS_PODFILE_DIR_PATH}/Podfile.lock",
				"${PODS_ROOT}/Manifest.lock",
			);
			name = "[CP] Check Pods Manifest.lock";
			outputFileListPaths = (
			);
			outputPaths = (
				"$(DERIVED_FILE_DIR)/Pods-MoviesApp-Challenge-checkManifestLockResult.txt",
			);
			runOnlyForDeploymentPostprocessing = 0;
			shellPath = /bin/sh;
			shellScript = "diff \"${PODS_PODFILE_DIR_PATH}/Podfile.lock\" \"${PODS_ROOT}/Manifest.lock\" > /dev/null\nif [ $? != 0 ] ; then\n    # print error to STDERR\n    echo \"error: The sandbox is not in sync with the Podfile.lock. Run 'pod install' or update your CocoaPods installation.\" >&2\n    exit 1\nfi\n# This output is used by Xcode 'outputs' to avoid re-running this script phase.\necho \"SUCCESS\" > \"${SCRIPT_OUTPUT_FILE_0}\"\n";
			showEnvVarsInLog = 0;
		};
/* End PBXShellScriptBuildPhase section */

/* Begin PBXSourcesBuildPhase section */
		FEE6E2342707411800479713 /* Sources */ = {
			isa = PBXSourcesBuildPhase;
			buildActionMask = 2147483647;
			files = (
				FEE6E29B2707418C00479713 /* UIView+Ext.swift in Sources */,
				FEE6E2D427077C0B00479713 /* HomeContracts.swift in Sources */,
				FE6F79DE2708BC1C00D2FF4A /* MovieDetailConstracts.swift in Sources */,
				FEBB26CA27086E13009AEF45 /* TheMovieListError.swift in Sources */,
				FEE6E2C12707544700479713 /* BaseTheMovie.swift in Sources */,
				FE6F7A0D2709B80100D2FF4A /* MainScrollView.swift in Sources */,
				FE6F79E727097C5A00D2FF4A /* MovieDetailBuilder.swift in Sources */,
				FEE6E23C2707411800479713 /* AppDelegate.swift in Sources */,
				FE6F79E02708BC4400D2FF4A /* MovieDetailViewModel.swift in Sources */,
				FEE6E29D2707418C00479713 /* StoryBoard+Ext.swift in Sources */,
				FEE6E2D6270784BF00479713 /* SliderCollectionView.swift in Sources */,
				FEE6E2932707418C00479713 /* AppStoryBoards.swift in Sources */,
				FEE6E2CE2707761900479713 /* MoviesRepository.swift in Sources */,
				FEE6E2B427074D5B00479713 /* HomeVC.swift in Sources */,
				FEE6E2C42707573A00479713 /* Movies-Service.swift in Sources */,
				FEE6E2D8270784E600479713 /* UpComingTableView.swift in Sources */,
				FE6F7A182709C09D00D2FF4A /* Test.swift in Sources */,
				FEE6E2952707418C00479713 /* NetworkContracts.swift in Sources */,
				FEE6E2D227077BF200479713 /* HomeViewModel.swift in Sources */,
				FEE6E29E2707418C00479713 /* ViewController+Ext.swift in Sources */,
				FEE6E23E2707411800479713 /* SceneDelegate.swift in Sources */,
				FEE6E2962707418C00479713 /* HttpMethod.swift in Sources */,
				FEE6E29C2707418C00479713 /* TableView+Ext.swift in Sources */,
				FEE6E2B227074CD400479713 /* AppConstants.swift in Sources */,
				FEE6E2992707418C00479713 /* NetworkError.swift in Sources */,
				FEE6E2BF270753C700479713 /* BaseResult.swift in Sources */,
				FE6F79DC2708B8B800D2FF4A /* MovieDetail.swift in Sources */,
				FE6F79E22708F50600D2FF4A /* DetailBodyView.swift in Sources */,
				FE5D4F682707B20500DEAD2B /* SliderCell.swift in Sources */,
				FEE6E2CC2707749300479713 /* TheMovieError.swift in Sources */,
				FEE6E2BB2707522400479713 /* Movie.swift in Sources */,
				FEE6E2C62707574C00479713 /* MoviesDataSource.swift in Sources */,
				FEE6E2DD2707854600479713 /* UpComingCell.swift in Sources */,
				FEE6E2972707418C00479713 /* HttpHeader.swift in Sources */,
				FE6F79D92708A0A500D2FF4A /* MovieDetailVC.swift in Sources */,
				FEE6E2AF27074A6D00479713 /* TheMovieAPI.swift in Sources */,
				FEE6E2D02707792600479713 /* NetworkError+Ext.swift in Sources */,
				FEE6E2982707418C00479713 /* NetworkExecuter.swift in Sources */,
				FE2F11372709CC0000C533FA /* TestView.swift in Sources */,
				FEE6E2E027078E3C00479713 /* String+Ext.swift in Sources */,
				FEE6E2C92707743A00479713 /* MoviesRepositoryContracts.swift in Sources */,
			);
			runOnlyForDeploymentPostprocessing = 0;
		};
		FEE6E24A2707411800479713 /* Sources */ = {
			isa = PBXSourcesBuildPhase;
			buildActionMask = 2147483647;
			files = (
				FEE6E2532707411800479713 /* MoviesApp_ChallengeTests.swift in Sources */,
			);
			runOnlyForDeploymentPostprocessing = 0;
		};
		FEE6E2552707411800479713 /* Sources */ = {
			isa = PBXSourcesBuildPhase;
			buildActionMask = 2147483647;
			files = (
				FEE6E25E2707411800479713 /* MoviesApp_ChallengeUITests.swift in Sources */,
			);
			runOnlyForDeploymentPostprocessing = 0;
		};
/* End PBXSourcesBuildPhase section */

/* Begin PBXTargetDependency section */
		FEE6E2502707411800479713 /* PBXTargetDependency */ = {
			isa = PBXTargetDependency;
			target = FEE6E2372707411800479713 /* MoviesApp-Challenge */;
			targetProxy = FEE6E24F2707411800479713 /* PBXContainerItemProxy */;
		};
		FEE6E25B2707411800479713 /* PBXTargetDependency */ = {
			isa = PBXTargetDependency;
			target = FEE6E2372707411800479713 /* MoviesApp-Challenge */;
			targetProxy = FEE6E25A2707411800479713 /* PBXContainerItemProxy */;
		};
/* End PBXTargetDependency section */

/* Begin PBXVariantGroup section */
		FEE6E2462707411800479713 /* LaunchScreen.storyboard */ = {
			isa = PBXVariantGroup;
			children = (
				FEE6E2472707411800479713 /* Base */,
			);
			name = LaunchScreen.storyboard;
			sourceTree = "<group>";
		};
/* End PBXVariantGroup section */

/* Begin XCBuildConfiguration section */
		FEE6E2602707411800479713 /* Debug */ = {
			isa = XCBuildConfiguration;
			buildSettings = {
				ALWAYS_SEARCH_USER_PATHS = NO;
				CLANG_ANALYZER_NONNULL = YES;
				CLANG_ANALYZER_NUMBER_OBJECT_CONVERSION = YES_AGGRESSIVE;
				CLANG_CXX_LANGUAGE_STANDARD = "gnu++14";
				CLANG_CXX_LIBRARY = "libc++";
				CLANG_ENABLE_MODULES = YES;
				CLANG_ENABLE_OBJC_ARC = YES;
				CLANG_ENABLE_OBJC_WEAK = YES;
				CLANG_WARN_BLOCK_CAPTURE_AUTORELEASING = YES;
				CLANG_WARN_BOOL_CONVERSION = YES;
				CLANG_WARN_COMMA = YES;
				CLANG_WARN_CONSTANT_CONVERSION = YES;
				CLANG_WARN_DEPRECATED_OBJC_IMPLEMENTATIONS = YES;
				CLANG_WARN_DIRECT_OBJC_ISA_USAGE = YES_ERROR;
				CLANG_WARN_DOCUMENTATION_COMMENTS = YES;
				CLANG_WARN_EMPTY_BODY = YES;
				CLANG_WARN_ENUM_CONVERSION = YES;
				CLANG_WARN_INFINITE_RECURSION = YES;
				CLANG_WARN_INT_CONVERSION = YES;
				CLANG_WARN_NON_LITERAL_NULL_CONVERSION = YES;
				CLANG_WARN_OBJC_IMPLICIT_RETAIN_SELF = YES;
				CLANG_WARN_OBJC_LITERAL_CONVERSION = YES;
				CLANG_WARN_OBJC_ROOT_CLASS = YES_ERROR;
				CLANG_WARN_QUOTED_INCLUDE_IN_FRAMEWORK_HEADER = YES;
				CLANG_WARN_RANGE_LOOP_ANALYSIS = YES;
				CLANG_WARN_STRICT_PROTOTYPES = YES;
				CLANG_WARN_SUSPICIOUS_MOVE = YES;
				CLANG_WARN_UNGUARDED_AVAILABILITY = YES_AGGRESSIVE;
				CLANG_WARN_UNREACHABLE_CODE = YES;
				CLANG_WARN__DUPLICATE_METHOD_MATCH = YES;
				COPY_PHASE_STRIP = NO;
				DEBUG_INFORMATION_FORMAT = dwarf;
				ENABLE_STRICT_OBJC_MSGSEND = YES;
				ENABLE_TESTABILITY = YES;
				GCC_C_LANGUAGE_STANDARD = gnu11;
				GCC_DYNAMIC_NO_PIC = NO;
				GCC_NO_COMMON_BLOCKS = YES;
				GCC_OPTIMIZATION_LEVEL = 0;
				GCC_PREPROCESSOR_DEFINITIONS = (
					"DEBUG=1",
					"$(inherited)",
				);
				GCC_WARN_64_TO_32_BIT_CONVERSION = YES;
				GCC_WARN_ABOUT_RETURN_TYPE = YES_ERROR;
				GCC_WARN_UNDECLARED_SELECTOR = YES;
				GCC_WARN_UNINITIALIZED_AUTOS = YES_AGGRESSIVE;
				GCC_WARN_UNUSED_FUNCTION = YES;
				GCC_WARN_UNUSED_VARIABLE = YES;
				IPHONEOS_DEPLOYMENT_TARGET = 14.5;
				MTL_ENABLE_DEBUG_INFO = INCLUDE_SOURCE;
				MTL_FAST_MATH = YES;
				ONLY_ACTIVE_ARCH = YES;
				SDKROOT = iphoneos;
				SWIFT_ACTIVE_COMPILATION_CONDITIONS = DEBUG;
				SWIFT_OPTIMIZATION_LEVEL = "-Onone";
			};
			name = Debug;
		};
		FEE6E2612707411800479713 /* Release */ = {
			isa = XCBuildConfiguration;
			buildSettings = {
				ALWAYS_SEARCH_USER_PATHS = NO;
				CLANG_ANALYZER_NONNULL = YES;
				CLANG_ANALYZER_NUMBER_OBJECT_CONVERSION = YES_AGGRESSIVE;
				CLANG_CXX_LANGUAGE_STANDARD = "gnu++14";
				CLANG_CXX_LIBRARY = "libc++";
				CLANG_ENABLE_MODULES = YES;
				CLANG_ENABLE_OBJC_ARC = YES;
				CLANG_ENABLE_OBJC_WEAK = YES;
				CLANG_WARN_BLOCK_CAPTURE_AUTORELEASING = YES;
				CLANG_WARN_BOOL_CONVERSION = YES;
				CLANG_WARN_COMMA = YES;
				CLANG_WARN_CONSTANT_CONVERSION = YES;
				CLANG_WARN_DEPRECATED_OBJC_IMPLEMENTATIONS = YES;
				CLANG_WARN_DIRECT_OBJC_ISA_USAGE = YES_ERROR;
				CLANG_WARN_DOCUMENTATION_COMMENTS = YES;
				CLANG_WARN_EMPTY_BODY = YES;
				CLANG_WARN_ENUM_CONVERSION = YES;
				CLANG_WARN_INFINITE_RECURSION = YES;
				CLANG_WARN_INT_CONVERSION = YES;
				CLANG_WARN_NON_LITERAL_NULL_CONVERSION = YES;
				CLANG_WARN_OBJC_IMPLICIT_RETAIN_SELF = YES;
				CLANG_WARN_OBJC_LITERAL_CONVERSION = YES;
				CLANG_WARN_OBJC_ROOT_CLASS = YES_ERROR;
				CLANG_WARN_QUOTED_INCLUDE_IN_FRAMEWORK_HEADER = YES;
				CLANG_WARN_RANGE_LOOP_ANALYSIS = YES;
				CLANG_WARN_STRICT_PROTOTYPES = YES;
				CLANG_WARN_SUSPICIOUS_MOVE = YES;
				CLANG_WARN_UNGUARDED_AVAILABILITY = YES_AGGRESSIVE;
				CLANG_WARN_UNREACHABLE_CODE = YES;
				CLANG_WARN__DUPLICATE_METHOD_MATCH = YES;
				COPY_PHASE_STRIP = NO;
				DEBUG_INFORMATION_FORMAT = "dwarf-with-dsym";
				ENABLE_NS_ASSERTIONS = NO;
				ENABLE_STRICT_OBJC_MSGSEND = YES;
				GCC_C_LANGUAGE_STANDARD = gnu11;
				GCC_NO_COMMON_BLOCKS = YES;
				GCC_WARN_64_TO_32_BIT_CONVERSION = YES;
				GCC_WARN_ABOUT_RETURN_TYPE = YES_ERROR;
				GCC_WARN_UNDECLARED_SELECTOR = YES;
				GCC_WARN_UNINITIALIZED_AUTOS = YES_AGGRESSIVE;
				GCC_WARN_UNUSED_FUNCTION = YES;
				GCC_WARN_UNUSED_VARIABLE = YES;
				IPHONEOS_DEPLOYMENT_TARGET = 14.5;
				MTL_ENABLE_DEBUG_INFO = NO;
				MTL_FAST_MATH = YES;
				SDKROOT = iphoneos;
				SWIFT_COMPILATION_MODE = wholemodule;
				SWIFT_OPTIMIZATION_LEVEL = "-O";
				VALIDATE_PRODUCT = YES;
			};
			name = Release;
		};
		FEE6E2632707411800479713 /* Debug */ = {
			isa = XCBuildConfiguration;
			baseConfigurationReference = 6A61FDC4FAF18D5A25C9C5C0 /* Pods-MoviesApp-Challenge.debug.xcconfig */;
			buildSettings = {
				ASSETCATALOG_COMPILER_APPICON_NAME = AppIcon;
				ASSETCATALOG_COMPILER_GLOBAL_ACCENT_COLOR_NAME = AccentColor;
				CODE_SIGN_STYLE = Automatic;
				DEVELOPMENT_TEAM = QB34Y2GQD8;
				INFOPLIST_FILE = "MoviesApp-Challenge/SupportingFiles/Info.plist";
				LD_RUNPATH_SEARCH_PATHS = (
					"$(inherited)",
					"@executable_path/Frameworks",
				);
				PRODUCT_BUNDLE_IDENTIFIER = "test.MoviesApp-Challenge";
				PRODUCT_NAME = "$(TARGET_NAME)";
				SWIFT_VERSION = 5.0;
				TARGETED_DEVICE_FAMILY = "1,2";
			};
			name = Debug;
		};
		FEE6E2642707411800479713 /* Release */ = {
			isa = XCBuildConfiguration;
			baseConfigurationReference = 18F9BD6D361282B56BBEB830 /* Pods-MoviesApp-Challenge.release.xcconfig */;
			buildSettings = {
				ASSETCATALOG_COMPILER_APPICON_NAME = AppIcon;
				ASSETCATALOG_COMPILER_GLOBAL_ACCENT_COLOR_NAME = AccentColor;
				CODE_SIGN_STYLE = Automatic;
				DEVELOPMENT_TEAM = QB34Y2GQD8;
				INFOPLIST_FILE = "MoviesApp-Challenge/SupportingFiles/Info.plist";
				LD_RUNPATH_SEARCH_PATHS = (
					"$(inherited)",
					"@executable_path/Frameworks",
				);
				PRODUCT_BUNDLE_IDENTIFIER = "test.MoviesApp-Challenge";
				PRODUCT_NAME = "$(TARGET_NAME)";
				SWIFT_VERSION = 5.0;
				TARGETED_DEVICE_FAMILY = "1,2";
			};
			name = Release;
		};
		FEE6E2662707411800479713 /* Debug */ = {
			isa = XCBuildConfiguration;
			baseConfigurationReference = 9032792D428B6B400D1FA22B /* Pods-MoviesApp-ChallengeTests.debug.xcconfig */;
			buildSettings = {
				ALWAYS_EMBED_SWIFT_STANDARD_LIBRARIES = YES;
				BUNDLE_LOADER = "$(TEST_HOST)";
				CODE_SIGN_STYLE = Automatic;
				DEVELOPMENT_TEAM = QB34Y2GQD8;
				INFOPLIST_FILE = "MoviesApp-ChallengeTests/Info.plist";
				IPHONEOS_DEPLOYMENT_TARGET = 14.5;
				LD_RUNPATH_SEARCH_PATHS = (
					"$(inherited)",
					"@executable_path/Frameworks",
					"@loader_path/Frameworks",
				);
				PRODUCT_BUNDLE_IDENTIFIER = "test.MoviesApp-ChallengeTests";
				PRODUCT_NAME = "$(TARGET_NAME)";
				SWIFT_VERSION = 5.0;
				TARGETED_DEVICE_FAMILY = "1,2";
				TEST_HOST = "$(BUILT_PRODUCTS_DIR)/MoviesApp-Challenge.app/MoviesApp-Challenge";
			};
			name = Debug;
		};
		FEE6E2672707411800479713 /* Release */ = {
			isa = XCBuildConfiguration;
			baseConfigurationReference = 9352ABC196096581FCD85353 /* Pods-MoviesApp-ChallengeTests.release.xcconfig */;
			buildSettings = {
				ALWAYS_EMBED_SWIFT_STANDARD_LIBRARIES = YES;
				BUNDLE_LOADER = "$(TEST_HOST)";
				CODE_SIGN_STYLE = Automatic;
				DEVELOPMENT_TEAM = QB34Y2GQD8;
				INFOPLIST_FILE = "MoviesApp-ChallengeTests/Info.plist";
				IPHONEOS_DEPLOYMENT_TARGET = 14.5;
				LD_RUNPATH_SEARCH_PATHS = (
					"$(inherited)",
					"@executable_path/Frameworks",
					"@loader_path/Frameworks",
				);
				PRODUCT_BUNDLE_IDENTIFIER = "test.MoviesApp-ChallengeTests";
				PRODUCT_NAME = "$(TARGET_NAME)";
				SWIFT_VERSION = 5.0;
				TARGETED_DEVICE_FAMILY = "1,2";
				TEST_HOST = "$(BUILT_PRODUCTS_DIR)/MoviesApp-Challenge.app/MoviesApp-Challenge";
			};
			name = Release;
		};
		FEE6E2692707411800479713 /* Debug */ = {
			isa = XCBuildConfiguration;
			baseConfigurationReference = C8B802D8EC98F3B2A81E619A /* Pods-MoviesApp-Challenge-MoviesApp-ChallengeUITests.debug.xcconfig */;
			buildSettings = {
				ALWAYS_EMBED_SWIFT_STANDARD_LIBRARIES = YES;
				CODE_SIGN_STYLE = Automatic;
				DEVELOPMENT_TEAM = QB34Y2GQD8;
				INFOPLIST_FILE = "MoviesApp-ChallengeUITests/Info.plist";
				LD_RUNPATH_SEARCH_PATHS = (
					"$(inherited)",
					"@executable_path/Frameworks",
					"@loader_path/Frameworks",
				);
				PRODUCT_BUNDLE_IDENTIFIER = "test.MoviesApp-ChallengeUITests";
				PRODUCT_NAME = "$(TARGET_NAME)";
				SWIFT_VERSION = 5.0;
				TARGETED_DEVICE_FAMILY = "1,2";
				TEST_TARGET_NAME = "MoviesApp-Challenge";
			};
			name = Debug;
		};
		FEE6E26A2707411800479713 /* Release */ = {
			isa = XCBuildConfiguration;
			baseConfigurationReference = 05CA00D97FE656F915F6CE6D /* Pods-MoviesApp-Challenge-MoviesApp-ChallengeUITests.release.xcconfig */;
			buildSettings = {
				ALWAYS_EMBED_SWIFT_STANDARD_LIBRARIES = YES;
				CODE_SIGN_STYLE = Automatic;
				DEVELOPMENT_TEAM = QB34Y2GQD8;
				INFOPLIST_FILE = "MoviesApp-ChallengeUITests/Info.plist";
				LD_RUNPATH_SEARCH_PATHS = (
					"$(inherited)",
					"@executable_path/Frameworks",
					"@loader_path/Frameworks",
				);
				PRODUCT_BUNDLE_IDENTIFIER = "test.MoviesApp-ChallengeUITests";
				PRODUCT_NAME = "$(TARGET_NAME)";
				SWIFT_VERSION = 5.0;
				TARGETED_DEVICE_FAMILY = "1,2";
				TEST_TARGET_NAME = "MoviesApp-Challenge";
			};
			name = Release;
		};
/* End XCBuildConfiguration section */

/* Begin XCConfigurationList section */
		FEE6E2332707411800479713 /* Build configuration list for PBXProject "MoviesApp-Challenge" */ = {
			isa = XCConfigurationList;
			buildConfigurations = (
				FEE6E2602707411800479713 /* Debug */,
				FEE6E2612707411800479713 /* Release */,
			);
			defaultConfigurationIsVisible = 0;
			defaultConfigurationName = Release;
		};
		FEE6E2622707411800479713 /* Build configuration list for PBXNativeTarget "MoviesApp-Challenge" */ = {
			isa = XCConfigurationList;
			buildConfigurations = (
				FEE6E2632707411800479713 /* Debug */,
				FEE6E2642707411800479713 /* Release */,
			);
			defaultConfigurationIsVisible = 0;
			defaultConfigurationName = Release;
		};
		FEE6E2652707411800479713 /* Build configuration list for PBXNativeTarget "MoviesApp-ChallengeTests" */ = {
			isa = XCConfigurationList;
			buildConfigurations = (
				FEE6E2662707411800479713 /* Debug */,
				FEE6E2672707411800479713 /* Release */,
			);
			defaultConfigurationIsVisible = 0;
			defaultConfigurationName = Release;
		};
		FEE6E2682707411800479713 /* Build configuration list for PBXNativeTarget "MoviesApp-ChallengeUITests" */ = {
			isa = XCConfigurationList;
			buildConfigurations = (
				FEE6E2692707411800479713 /* Debug */,
				FEE6E26A2707411800479713 /* Release */,
			);
			defaultConfigurationIsVisible = 0;
			defaultConfigurationName = Release;
		};
/* End XCConfigurationList section */
	};
	rootObject = FEE6E2302707411800479713 /* Project object */;
}
